// !$*UTF8*$!
{
	archiveVersion = 1;
	classes = {
	};
	objectVersion = 55;
	objects = {

/* Begin PBXBuildFile section */
		BAA1ECB428A5375D00A32AA7 /* AppDelegate.swift in Sources */ = {isa = PBXBuildFile; fileRef = BAA1ECB328A5375D00A32AA7 /* AppDelegate.swift */; };
		BAA1ECB628A5375D00A32AA7 /* SceneDelegate.swift in Sources */ = {isa = PBXBuildFile; fileRef = BAA1ECB528A5375D00A32AA7 /* SceneDelegate.swift */; };
		BAA1ECB828A5375D00A32AA7 /* ViewController.swift in Sources */ = {isa = PBXBuildFile; fileRef = BAA1ECB728A5375D00A32AA7 /* ViewController.swift */; };
		BAA1ECBB28A5375D00A32AA7 /* Main.storyboard in Resources */ = {isa = PBXBuildFile; fileRef = BAA1ECB928A5375D00A32AA7 /* Main.storyboard */; };
		BAA1ECBD28A5376000A32AA7 /* Assets.xcassets in Resources */ = {isa = PBXBuildFile; fileRef = BAA1ECBC28A5376000A32AA7 /* Assets.xcassets */; };
		BAA1ECC028A5376000A32AA7 /* LaunchScreen.storyboard in Resources */ = {isa = PBXBuildFile; fileRef = BAA1ECBE28A5376000A32AA7 /* LaunchScreen.storyboard */; };
		BAA1ECCB28A5376100A32AA7 /* TestPracticeTests.swift in Sources */ = {isa = PBXBuildFile; fileRef = BAA1ECCA28A5376100A32AA7 /* TestPracticeTests.swift */; };
		BAA1ECD528A5376100A32AA7 /* TestPracticeUITests.swift in Sources */ = {isa = PBXBuildFile; fileRef = BAA1ECD428A5376100A32AA7 /* TestPracticeUITests.swift */; };
		BAA1ECD728A5376100A32AA7 /* TestPracticeUITestsLaunchTests.swift in Sources */ = {isa = PBXBuildFile; fileRef = BAA1ECD628A5376100A32AA7 /* TestPracticeUITestsLaunchTests.swift */; };
		BAA1ECE428A538EB00A32AA7 /* MathItem.swift in Sources */ = {isa = PBXBuildFile; fileRef = BAA1ECE328A538EB00A32AA7 /* MathItem.swift */; };
		BAA1ECE628A539DC00A32AA7 /* MathTests.swift in Sources */ = {isa = PBXBuildFile; fileRef = BAA1ECE528A539DC00A32AA7 /* MathTests.swift */; };
		BAA1ECE828A53EB000A32AA7 /* LeetCode.swift in Sources */ = {isa = PBXBuildFile; fileRef = BAA1ECE728A53EB000A32AA7 /* LeetCode.swift */; };
		BAA1ECEA28A53F5400A32AA7 /* LeetCode.swift in Sources */ = {isa = PBXBuildFile; fileRef = BAA1ECE928A53F5400A32AA7 /* LeetCode.swift */; };
/* End PBXBuildFile section */

/* Begin PBXContainerItemProxy section */
		BAA1ECC728A5376100A32AA7 /* PBXContainerItemProxy */ = {
			isa = PBXContainerItemProxy;
			containerPortal = BAA1ECA828A5375D00A32AA7 /* Project object */;
			proxyType = 1;
			remoteGlobalIDString = BAA1ECAF28A5375D00A32AA7;
			remoteInfo = TestPractice;
		};
		BAA1ECD128A5376100A32AA7 /* PBXContainerItemProxy */ = {
			isa = PBXContainerItemProxy;
			containerPortal = BAA1ECA828A5375D00A32AA7 /* Project object */;
			proxyType = 1;
			remoteGlobalIDString = BAA1ECAF28A5375D00A32AA7;
			remoteInfo = TestPractice;
		};
/* End PBXContainerItemProxy section */

/* Begin PBXFileReference section */
		BAA1ECB028A5375D00A32AA7 /* TestPractice.app */ = {isa = PBXFileReference; explicitFileType = wrapper.application; includeInIndex = 0; path = TestPractice.app; sourceTree = BUILT_PRODUCTS_DIR; };
		BAA1ECB328A5375D00A32AA7 /* AppDelegate.swift */ = {isa = PBXFileReference; lastKnownFileType = sourcecode.swift; path = AppDelegate.swift; sourceTree = "<group>"; };
		BAA1ECB528A5375D00A32AA7 /* SceneDelegate.swift */ = {isa = PBXFileReference; lastKnownFileType = sourcecode.swift; path = SceneDelegate.swift; sourceTree = "<group>"; };
		BAA1ECB728A5375D00A32AA7 /* ViewController.swift */ = {isa = PBXFileReference; lastKnownFileType = sourcecode.swift; path = ViewController.swift; sourceTree = "<group>"; };
		BAA1ECBA28A5375D00A32AA7 /* Base */ = {isa = PBXFileReference; lastKnownFileType = file.storyboard; name = Base; path = Base.lproj/Main.storyboard; sourceTree = "<group>"; };
		BAA1ECBC28A5376000A32AA7 /* Assets.xcassets */ = {isa = PBXFileReference; lastKnownFileType = folder.assetcatalog; path = Assets.xcassets; sourceTree = "<group>"; };
		BAA1ECBF28A5376000A32AA7 /* Base */ = {isa = PBXFileReference; lastKnownFileType = file.storyboard; name = Base; path = Base.lproj/LaunchScreen.storyboard; sourceTree = "<group>"; };
		BAA1ECC128A5376000A32AA7 /* Info.plist */ = {isa = PBXFileReference; lastKnownFileType = text.plist.xml; path = Info.plist; sourceTree = "<group>"; };
		BAA1ECC628A5376100A32AA7 /* TestPracticeTests.xctest */ = {isa = PBXFileReference; explicitFileType = wrapper.cfbundle; includeInIndex = 0; path = TestPracticeTests.xctest; sourceTree = BUILT_PRODUCTS_DIR; };
		BAA1ECCA28A5376100A32AA7 /* TestPracticeTests.swift */ = {isa = PBXFileReference; lastKnownFileType = sourcecode.swift; path = TestPracticeTests.swift; sourceTree = "<group>"; };
		BAA1ECD028A5376100A32AA7 /* TestPracticeUITests.xctest */ = {isa = PBXFileReference; explicitFileType = wrapper.cfbundle; includeInIndex = 0; path = TestPracticeUITests.xctest; sourceTree = BUILT_PRODUCTS_DIR; };
		BAA1ECD428A5376100A32AA7 /* TestPracticeUITests.swift */ = {isa = PBXFileReference; lastKnownFileType = sourcecode.swift; path = TestPracticeUITests.swift; sourceTree = "<group>"; };
		BAA1ECD628A5376100A32AA7 /* TestPracticeUITestsLaunchTests.swift */ = {isa = PBXFileReference; lastKnownFileType = sourcecode.swift; path = TestPracticeUITestsLaunchTests.swift; sourceTree = "<group>"; };
		BAA1ECE328A538EB00A32AA7 /* MathItem.swift */ = {isa = PBXFileReference; lastKnownFileType = sourcecode.swift; path = MathItem.swift; sourceTree = "<group>"; };
		BAA1ECE528A539DC00A32AA7 /* MathTests.swift */ = {isa = PBXFileReference; lastKnownFileType = sourcecode.swift; path = MathTests.swift; sourceTree = "<group>"; };
		BAA1ECE728A53EB000A32AA7 /* LeetCode.swift */ = {isa = PBXFileReference; lastKnownFileType = sourcecode.swift; path = LeetCode.swift; sourceTree = "<group>"; };
		BAA1ECE928A53F5400A32AA7 /* LeetCode.swift */ = {isa = PBXFileReference; lastKnownFileType = sourcecode.swift; path = LeetCode.swift; sourceTree = "<group>"; };
/* End PBXFileReference section */

/* Begin PBXFrameworksBuildPhase section */
		BAA1ECAD28A5375D00A32AA7 /* Frameworks */ = {
			isa = PBXFrameworksBuildPhase;
			buildActionMask = 2147483647;
			files = (
			);
			runOnlyForDeploymentPostprocessing = 0;
		};
		BAA1ECC328A5376100A32AA7 /* Frameworks */ = {
			isa = PBXFrameworksBuildPhase;
			buildActionMask = 2147483647;
			files = (
			);
			runOnlyForDeploymentPostprocessing = 0;
		};
		BAA1ECCD28A5376100A32AA7 /* Frameworks */ = {
			isa = PBXFrameworksBuildPhase;
			buildActionMask = 2147483647;
			files = (
			);
			runOnlyForDeploymentPostprocessing = 0;
		};
/* End PBXFrameworksBuildPhase section */

/* Begin PBXGroup section */
		BAA1ECA728A5375D00A32AA7 = {
			isa = PBXGroup;
			children = (
				BAA1ECB228A5375D00A32AA7 /* TestPractice */,
				BAA1ECC928A5376100A32AA7 /* TestPracticeTests */,
				BAA1ECD328A5376100A32AA7 /* TestPracticeUITests */,
				BAA1ECB128A5375D00A32AA7 /* Products */,
			);
			sourceTree = "<group>";
		};
		BAA1ECB128A5375D00A32AA7 /* Products */ = {
			isa = PBXGroup;
			children = (
				BAA1ECB028A5375D00A32AA7 /* TestPractice.app */,
				BAA1ECC628A5376100A32AA7 /* TestPracticeTests.xctest */,
				BAA1ECD028A5376100A32AA7 /* TestPracticeUITests.xctest */,
			);
			name = Products;
			sourceTree = "<group>";
		};
		BAA1ECB228A5375D00A32AA7 /* TestPractice */ = {
			isa = PBXGroup;
			children = (
				BAA1ECB328A5375D00A32AA7 /* AppDelegate.swift */,
				BAA1ECB528A5375D00A32AA7 /* SceneDelegate.swift */,
				BAA1ECB728A5375D00A32AA7 /* ViewController.swift */,
				BAA1ECB928A5375D00A32AA7 /* Main.storyboard */,
				BAA1ECBC28A5376000A32AA7 /* Assets.xcassets */,
				BAA1ECBE28A5376000A32AA7 /* LaunchScreen.storyboard */,
				BAA1ECC128A5376000A32AA7 /* Info.plist */,
				BAA1ECE328A538EB00A32AA7 /* MathItem.swift */,
				BAA1ECE728A53EB000A32AA7 /* LeetCode.swift */,
			);
			path = TestPractice;
			sourceTree = "<group>";
		};
		BAA1ECC928A5376100A32AA7 /* TestPracticeTests */ = {
			isa = PBXGroup;
			children = (
				BAA1ECCA28A5376100A32AA7 /* TestPracticeTests.swift */,
				BAA1ECE528A539DC00A32AA7 /* MathTests.swift */,
				BAA1ECE928A53F5400A32AA7 /* LeetCode.swift */,
			);
			path = TestPracticeTests;
			sourceTree = "<group>";
		};
		BAA1ECD328A5376100A32AA7 /* TestPracticeUITests */ = {
			isa = PBXGroup;
			children = (
				BAA1ECD428A5376100A32AA7 /* TestPracticeUITests.swift */,
				BAA1ECD628A5376100A32AA7 /* TestPracticeUITestsLaunchTests.swift */,
			);
			path = TestPracticeUITests;
			sourceTree = "<group>";
		};
/* End PBXGroup section */

/* Begin PBXNativeTarget section */
		BAA1ECAF28A5375D00A32AA7 /* TestPractice */ = {
			isa = PBXNativeTarget;
			buildConfigurationList = BAA1ECDA28A5376100A32AA7 /* Build configuration list for PBXNativeTarget "TestPractice" */;
			buildPhases = (
				BAA1ECAC28A5375D00A32AA7 /* Sources */,
				BAA1ECAD28A5375D00A32AA7 /* Frameworks */,
				BAA1ECAE28A5375D00A32AA7 /* Resources */,
			);
			buildRules = (
			);
			dependencies = (
			);
			name = TestPractice;
			productName = TestPractice;
			productReference = BAA1ECB028A5375D00A32AA7 /* TestPractice.app */;
			productType = "com.apple.product-type.application";
		};
		BAA1ECC528A5376100A32AA7 /* TestPracticeTests */ = {
			isa = PBXNativeTarget;
			buildConfigurationList = BAA1ECDD28A5376100A32AA7 /* Build configuration list for PBXNativeTarget "TestPracticeTests" */;
			buildPhases = (
				BAA1ECC228A5376100A32AA7 /* Sources */,
				BAA1ECC328A5376100A32AA7 /* Frameworks */,
				BAA1ECC428A5376100A32AA7 /* Resources */,
			);
			buildRules = (
			);
			dependencies = (
				BAA1ECC828A5376100A32AA7 /* PBXTargetDependency */,
			);
			name = TestPracticeTests;
			productName = TestPracticeTests;
			productReference = BAA1ECC628A5376100A32AA7 /* TestPracticeTests.xctest */;
			productType = "com.apple.product-type.bundle.unit-test";
		};
		BAA1ECCF28A5376100A32AA7 /* TestPracticeUITests */ = {
			isa = PBXNativeTarget;
			buildConfigurationList = BAA1ECE028A5376100A32AA7 /* Build configuration list for PBXNativeTarget "TestPracticeUITests" */;
			buildPhases = (
				BAA1ECCC28A5376100A32AA7 /* Sources */,
				BAA1ECCD28A5376100A32AA7 /* Frameworks */,
				BAA1ECCE28A5376100A32AA7 /* Resources */,
			);
			buildRules = (
			);
			dependencies = (
				BAA1ECD228A5376100A32AA7 /* PBXTargetDependency */,
			);
			name = TestPracticeUITests;
			productName = TestPracticeUITests;
			productReference = BAA1ECD028A5376100A32AA7 /* TestPracticeUITests.xctest */;
			productType = "com.apple.product-type.bundle.ui-testing";
		};
/* End PBXNativeTarget section */

/* Begin PBXProject section */
		BAA1ECA828A5375D00A32AA7 /* Project object */ = {
			isa = PBXProject;
			attributes = {
				BuildIndependentTargetsInParallel = 1;
				LastSwiftUpdateCheck = 1340;
				LastUpgradeCheck = 1340;
				TargetAttributes = {
					BAA1ECAF28A5375D00A32AA7 = {
						CreatedOnToolsVersion = 13.4.1;
					};
					BAA1ECC528A5376100A32AA7 = {
						CreatedOnToolsVersion = 13.4.1;
						TestTargetID = BAA1ECAF28A5375D00A32AA7;
					};
					BAA1ECCF28A5376100A32AA7 = {
						CreatedOnToolsVersion = 13.4.1;
						TestTargetID = BAA1ECAF28A5375D00A32AA7;
					};
				};
			};
			buildConfigurationList = BAA1ECAB28A5375D00A32AA7 /* Build configuration list for PBXProject "TestPractice" */;
			compatibilityVersion = "Xcode 13.0";
			developmentRegion = en;
			hasScannedForEncodings = 0;
			knownRegions = (
				en,
				Base,
			);
			mainGroup = BAA1ECA728A5375D00A32AA7;
			productRefGroup = BAA1ECB128A5375D00A32AA7 /* Products */;
			projectDirPath = "";
			projectRoot = "";
			targets = (
				BAA1ECAF28A5375D00A32AA7 /* TestPractice */,
				BAA1ECC528A5376100A32AA7 /* TestPracticeTests */,
				BAA1ECCF28A5376100A32AA7 /* TestPracticeUITests */,
			);
		};
/* End PBXProject section */

/* Begin PBXResourcesBuildPhase section */
		BAA1ECAE28A5375D00A32AA7 /* Resources */ = {
			isa = PBXResourcesBuildPhase;
			buildActionMask = 2147483647;
			files = (
				BAA1ECC028A5376000A32AA7 /* LaunchScreen.storyboard in Resources */,
				BAA1ECBD28A5376000A32AA7 /* Assets.xcassets in Resources */,
				BAA1ECBB28A5375D00A32AA7 /* Main.storyboard in Resources */,
			);
			runOnlyForDeploymentPostprocessing = 0;
		};
		BAA1ECC428A5376100A32AA7 /* Resources */ = {
			isa = PBXResourcesBuildPhase;
			buildActionMask = 2147483647;
			files = (
			);
			runOnlyForDeploymentPostprocessing = 0;
		};
		BAA1ECCE28A5376100A32AA7 /* Resources */ = {
			isa = PBXResourcesBuildPhase;
			buildActionMask = 2147483647;
			files = (
			);
			runOnlyForDeploymentPostprocessing = 0;
		};
/* End PBXResourcesBuildPhase section */

/* Begin PBXSourcesBuildPhase section */
		BAA1ECAC28A5375D00A32AA7 /* Sources */ = {
			isa = PBXSourcesBuildPhase;
			buildActionMask = 2147483647;
			files = (
				BAA1ECB828A5375D00A32AA7 /* ViewController.swift in Sources */,
				BAA1ECB428A5375D00A32AA7 /* AppDelegate.swift in Sources */,
				BAA1ECE428A538EB00A32AA7 /* MathItem.swift in Sources */,
				BAA1ECE828A53EB000A32AA7 /* LeetCode.swift in Sources */,
				BAA1ECB628A5375D00A32AA7 /* SceneDelegate.swift in Sources */,
			);
			runOnlyForDeploymentPostprocessing = 0;
		};
		BAA1ECC228A5376100A32AA7 /* Sources */ = {
			isa = PBXSourcesBuildPhase;
			buildActionMask = 2147483647;
			files = (
				BAA1ECCB28A5376100A32AA7 /* TestPracticeTests.swift in Sources */,
				BAA1ECE628A539DC00A32AA7 /* MathTests.swift in Sources */,
				BAA1ECEA28A53F5400A32AA7 /* LeetCode.swift in Sources */,
			);
			runOnlyForDeploymentPostprocessing = 0;
		};
		BAA1ECCC28A5376100A32AA7 /* Sources */ = {
			isa = PBXSourcesBuildPhase;
			buildActionMask = 2147483647;
			files = (
				BAA1ECD528A5376100A32AA7 /* TestPracticeUITests.swift in Sources */,
				BAA1ECD728A5376100A32AA7 /* TestPracticeUITestsLaunchTests.swift in Sources */,
			);
			runOnlyForDeploymentPostprocessing = 0;
		};
/* End PBXSourcesBuildPhase section */

/* Begin PBXTargetDependency section */
		BAA1ECC828A5376100A32AA7 /* PBXTargetDependency */ = {
			isa = PBXTargetDependency;
			target = BAA1ECAF28A5375D00A32AA7 /* TestPractice */;
			targetProxy = BAA1ECC728A5376100A32AA7 /* PBXContainerItemProxy */;
		};
		BAA1ECD228A5376100A32AA7 /* PBXTargetDependency */ = {
			isa = PBXTargetDependency;
			target = BAA1ECAF28A5375D00A32AA7 /* TestPractice */;
			targetProxy = BAA1ECD128A5376100A32AA7 /* PBXContainerItemProxy */;
		};
/* End PBXTargetDependency section */

/* Begin PBXVariantGroup section */
		BAA1ECB928A5375D00A32AA7 /* Main.storyboard */ = {
			isa = PBXVariantGroup;
			children = (
				BAA1ECBA28A5375D00A32AA7 /* Base */,
			);
			name = Main.storyboard;
			sourceTree = "<group>";
		};
		BAA1ECBE28A5376000A32AA7 /* LaunchScreen.storyboard */ = {
			isa = PBXVariantGroup;
			children = (
				BAA1ECBF28A5376000A32AA7 /* Base */,
			);
			name = LaunchScreen.storyboard;
			sourceTree = "<group>";
		};
/* End PBXVariantGroup section */

/* Begin XCBuildConfiguration section */
		BAA1ECD828A5376100A32AA7 /* Debug */ = {
			isa = XCBuildConfiguration;
			buildSettings = {
				ALWAYS_SEARCH_USER_PATHS = NO;
				CLANG_ANALYZER_NONNULL = YES;
				CLANG_ANALYZER_NUMBER_OBJECT_CONVERSION = YES_AGGRESSIVE;
				CLANG_CXX_LANGUAGE_STANDARD = "gnu++17";
				CLANG_ENABLE_MODULES = YES;
				CLANG_ENABLE_OBJC_ARC = YES;
				CLANG_ENABLE_OBJC_WEAK = YES;
				CLANG_WARN_BLOCK_CAPTURE_AUTORELEASING = YES;
				CLANG_WARN_BOOL_CONVERSION = YES;
				CLANG_WARN_COMMA = YES;
				CLANG_WARN_CONSTANT_CONVERSION = YES;
				CLANG_WARN_DEPRECATED_OBJC_IMPLEMENTATIONS = YES;
				CLANG_WARN_DIRECT_OBJC_ISA_USAGE = YES_ERROR;
				CLANG_WARN_DOCUMENTATION_COMMENTS = YES;
				CLANG_WARN_EMPTY_BODY = YES;
				CLANG_WARN_ENUM_CONVERSION = YES;
				CLANG_WARN_INFINITE_RECURSION = YES;
				CLANG_WARN_INT_CONVERSION = YES;
				CLANG_WARN_NON_LITERAL_NULL_CONVERSION = YES;
				CLANG_WARN_OBJC_IMPLICIT_RETAIN_SELF = YES;
				CLANG_WARN_OBJC_LITERAL_CONVERSION = YES;
				CLANG_WARN_OBJC_ROOT_CLASS = YES_ERROR;
				CLANG_WARN_QUOTED_INCLUDE_IN_FRAMEWORK_HEADER = YES;
				CLANG_WARN_RANGE_LOOP_ANALYSIS = YES;
				CLANG_WARN_STRICT_PROTOTYPES = YES;
				CLANG_WARN_SUSPICIOUS_MOVE = YES;
				CLANG_WARN_UNGUARDED_AVAILABILITY = YES_AGGRESSIVE;
				CLANG_WARN_UNREACHABLE_CODE = YES;
				CLANG_WARN__DUPLICATE_METHOD_MATCH = YES;
				COPY_PHASE_STRIP = NO;
				DEBUG_INFORMATION_FORMAT = dwarf;
				ENABLE_STRICT_OBJC_MSGSEND = YES;
				ENABLE_TESTABILITY = YES;
				GCC_C_LANGUAGE_STANDARD = gnu11;
				GCC_DYNAMIC_NO_PIC = NO;
				GCC_NO_COMMON_BLOCKS = YES;
				GCC_OPTIMIZATION_LEVEL = 0;
				GCC_PREPROCESSOR_DEFINITIONS = (
					"DEBUG=1",
					"$(inherited)",
				);
				GCC_WARN_64_TO_32_BIT_CONVERSION = YES;
				GCC_WARN_ABOUT_RETURN_TYPE = YES_ERROR;
				GCC_WARN_UNDECLARED_SELECTOR = YES;
				GCC_WARN_UNINITIALIZED_AUTOS = YES_AGGRESSIVE;
				GCC_WARN_UNUSED_FUNCTION = YES;
				GCC_WARN_UNUSED_VARIABLE = YES;
				IPHONEOS_DEPLOYMENT_TARGET = 15.5;
				MTL_ENABLE_DEBUG_INFO = INCLUDE_SOURCE;
				MTL_FAST_MATH = YES;
				ONLY_ACTIVE_ARCH = YES;
				SDKROOT = iphoneos;
				SWIFT_ACTIVE_COMPILATION_CONDITIONS = DEBUG;
				SWIFT_OPTIMIZATION_LEVEL = "-Onone";
			};
			name = Debug;
		};
		BAA1ECD928A5376100A32AA7 /* Release */ = {
			isa = XCBuildConfiguration;
			buildSettings = {
				ALWAYS_SEARCH_USER_PATHS = NO;
				CLANG_ANALYZER_NONNULL = YES;
				CLANG_ANALYZER_NUMBER_OBJECT_CONVERSION = YES_AGGRESSIVE;
				CLANG_CXX_LANGUAGE_STANDARD = "gnu++17";
				CLANG_ENABLE_MODULES = YES;
				CLANG_ENABLE_OBJC_ARC = YES;
				CLANG_ENABLE_OBJC_WEAK = YES;
				CLANG_WARN_BLOCK_CAPTURE_AUTORELEASING = YES;
				CLANG_WARN_BOOL_CONVERSION = YES;
				CLANG_WARN_COMMA = YES;
				CLANG_WARN_CONSTANT_CONVERSION = YES;
				CLANG_WARN_DEPRECATED_OBJC_IMPLEMENTATIONS = YES;
				CLANG_WARN_DIRECT_OBJC_ISA_USAGE = YES_ERROR;
				CLANG_WARN_DOCUMENTATION_COMMENTS = YES;
				CLANG_WARN_EMPTY_BODY = YES;
				CLANG_WARN_ENUM_CONVERSION = YES;
				CLANG_WARN_INFINITE_RECURSION = YES;
				CLANG_WARN_INT_CONVERSION = YES;
				CLANG_WARN_NON_LITERAL_NULL_CONVERSION = YES;
				CLANG_WARN_OBJC_IMPLICIT_RETAIN_SELF = YES;
				CLANG_WARN_OBJC_LITERAL_CONVERSION = YES;
				CLANG_WARN_OBJC_ROOT_CLASS = YES_ERROR;
				CLANG_WARN_QUOTED_INCLUDE_IN_FRAMEWORK_HEADER = YES;
				CLANG_WARN_RANGE_LOOP_ANALYSIS = YES;
				CLANG_WARN_STRICT_PROTOTYPES = YES;
				CLANG_WARN_SUSPICIOUS_MOVE = YES;
				CLANG_WARN_UNGUARDED_AVAILABILITY = YES_AGGRESSIVE;
				CLANG_WARN_UNREACHABLE_CODE = YES;
				CLANG_WARN__DUPLICATE_METHOD_MATCH = YES;
				COPY_PHASE_STRIP = NO;
				DEBUG_INFORMATION_FORMAT = "dwarf-with-dsym";
				ENABLE_NS_ASSERTIONS = NO;
				ENABLE_STRICT_OBJC_MSGSEND = YES;
				GCC_C_LANGUAGE_STANDARD = gnu11;
				GCC_NO_COMMON_BLOCKS = YES;
				GCC_WARN_64_TO_32_BIT_CONVERSION = YES;
				GCC_WARN_ABOUT_RETURN_TYPE = YES_ERROR;
				GCC_WARN_UNDECLARED_SELECTOR = YES;
				GCC_WARN_UNINITIALIZED_AUTOS = YES_AGGRESSIVE;
				GCC_WARN_UNUSED_FUNCTION = YES;
				GCC_WARN_UNUSED_VARIABLE = YES;
				IPHONEOS_DEPLOYMENT_TARGET = 15.5;
				MTL_ENABLE_DEBUG_INFO = NO;
				MTL_FAST_MATH = YES;
				SDKROOT = iphoneos;
				SWIFT_COMPILATION_MODE = wholemodule;
				SWIFT_OPTIMIZATION_LEVEL = "-O";
				VALIDATE_PRODUCT = YES;
			};
			name = Release;
		};
		BAA1ECDB28A5376100A32AA7 /* Debug */ = {
			isa = XCBuildConfiguration;
			buildSettings = {
				ASSETCATALOG_COMPILER_APPICON_NAME = AppIcon;
				ASSETCATALOG_COMPILER_GLOBAL_ACCENT_COLOR_NAME = AccentColor;
				CODE_SIGN_STYLE = Automatic;
				CURRENT_PROJECT_VERSION = 1;
				DEVELOPMENT_TEAM = 679U29FZ6S;
				GENERATE_INFOPLIST_FILE = YES;
				INFOPLIST_FILE = TestPractice/Info.plist;
				INFOPLIST_KEY_UIApplicationSupportsIndirectInputEvents = YES;
				INFOPLIST_KEY_UILaunchStoryboardName = LaunchScreen;
				INFOPLIST_KEY_UIMainStoryboardFile = Main;
				INFOPLIST_KEY_UISupportedInterfaceOrientations_iPad = "UIInterfaceOrientationPortrait UIInterfaceOrientationPortraitUpsideDown UIInterfaceOrientationLandscapeLeft UIInterfaceOrientationLandscapeRight";
				INFOPLIST_KEY_UISupportedInterfaceOrientations_iPhone = "UIInterfaceOrientationPortrait UIInterfaceOrientationLandscapeLeft UIInterfaceOrientationLandscapeRight";
				LD_RUNPATH_SEARCH_PATHS = (
					"$(inherited)",
					"@executable_path/Frameworks",
				);
				MARKETING_VERSION = 1.0;
				PRODUCT_BUNDLE_IDENTIFIER = com.saenuruki.TestPractice;
				PRODUCT_NAME = "$(TARGET_NAME)";
				SWIFT_EMIT_LOC_STRINGS = YES;
				SWIFT_VERSION = 5.0;
				TARGETED_DEVICE_FAMILY = "1,2";
			};
			name = Debug;
		};
		BAA1ECDC28A5376100A32AA7 /* Release */ = {
			isa = XCBuildConfiguration;
			buildSettings = {
				ASSETCATALOG_COMPILER_APPICON_NAME = AppIcon;
				ASSETCATALOG_COMPILER_GLOBAL_ACCENT_COLOR_NAME = AccentColor;
				CODE_SIGN_STYLE = Automatic;
				CURRENT_PROJECT_VERSION = 1;
				DEVELOPMENT_TEAM = 679U29FZ6S;
				GENERATE_INFOPLIST_FILE = YES;
				INFOPLIST_FILE = TestPractice/Info.plist;
				INFOPLIST_KEY_UIApplicationSupportsIndirectInputEvents = YES;
				INFOPLIST_KEY_UILaunchStoryboardName = LaunchScreen;
				INFOPLIST_KEY_UIMainStoryboardFile = Main;
				INFOPLIST_KEY_UISupportedInterfaceOrientations_iPad = "UIInterfaceOrientationPortrait UIInterfaceOrientationPortraitUpsideDown UIInterfaceOrientationLandscapeLeft UIInterfaceOrientationLandscapeRight";
				INFOPLIST_KEY_UISupportedInterfaceOrientations_iPhone = "UIInterfaceOrientationPortrait UIInterfaceOrientationLandscapeLeft UIInterfaceOrientationLandscapeRight";
				LD_RUNPATH_SEARCH_PATHS = (
					"$(inherited)",
					"@executable_path/Frameworks",
				);
				MARKETING_VERSION = 1.0;
				PRODUCT_BUNDLE_IDENTIFIER = com.saenuruki.TestPractice;
				PRODUCT_NAME = "$(TARGET_NAME)";
				SWIFT_EMIT_LOC_STRINGS = YES;
				SWIFT_VERSION = 5.0;
				TARGETED_DEVICE_FAMILY = "1,2";
			};
			name = Release;
		};
		BAA1ECDE28A5376100A32AA7 /* Debug */ = {
			isa = XCBuildConfiguration;
			buildSettings = {
				ALWAYS_EMBED_SWIFT_STANDARD_LIBRARIES = YES;
				BUNDLE_LOADER = "$(TEST_HOST)";
				CODE_SIGN_STYLE = Automatic;
				CURRENT_PROJECT_VERSION = 1;
				DEVELOPMENT_TEAM = 679U29FZ6S;
				GENERATE_INFOPLIST_FILE = YES;
				IPHONEOS_DEPLOYMENT_TARGET = 15.5;
				MARKETING_VERSION = 1.0;
				PRODUCT_BUNDLE_IDENTIFIER = com.saenuruki.TestPracticeTests;
				PRODUCT_NAME = "$(TARGET_NAME)";
				SWIFT_EMIT_LOC_STRINGS = NO;
				SWIFT_VERSION = 5.0;
				TARGETED_DEVICE_FAMILY = "1,2";
				TEST_HOST = "$(BUILT_PRODUCTS_DIR)/TestPractice.app/TestPractice";
			};
			name = Debug;
		};
		BAA1ECDF28A5376100A32AA7 /* Release */ = {
			isa = XCBuildConfiguration;
			buildSettings = {
				ALWAYS_EMBED_SWIFT_STANDARD_LIBRARIES = YES;
				BUNDLE_LOADER = "$(TEST_HOST)";
				CODE_SIGN_STYLE = Automatic;
				CURRENT_PROJECT_VERSION = 1;
				DEVELOPMENT_TEAM = 679U29FZ6S;
				GENERATE_INFOPLIST_FILE = YES;
				IPHONEOS_DEPLOYMENT_TARGET = 15.5;
				MARKETING_VERSION = 1.0;
				PRODUCT_BUNDLE_IDENTIFIER = com.saenuruki.TestPracticeTests;
				PRODUCT_NAME = "$(TARGET_NAME)";
				SWIFT_EMIT_LOC_STRINGS = NO;
				SWIFT_VERSION = 5.0;
				TARGETED_DEVICE_FAMILY = "1,2";
				TEST_HOST = "$(BUILT_PRODUCTS_DIR)/TestPractice.app/TestPractice";
			};
			name = Release;
		};
		BAA1ECE128A5376100A32AA7 /* Debug */ = {
			isa = XCBuildConfiguration;
			buildSettings = {
				ALWAYS_EMBED_SWIFT_STANDARD_LIBRARIES = YES;
				CODE_SIGN_STYLE = Automatic;
				CURRENT_PROJECT_VERSION = 1;
				DEVELOPMENT_TEAM = 679U29FZ6S;
				GENERATE_INFOPLIST_FILE = YES;
				MARKETING_VERSION = 1.0;
				PRODUCT_BUNDLE_IDENTIFIER = com.saenuruki.TestPracticeUITests;
				PRODUCT_NAME = "$(TARGET_NAME)";
				SWIFT_EMIT_LOC_STRINGS = NO;
				SWIFT_VERSION = 5.0;
				TARGETED_DEVICE_FAMILY = "1,2";
				TEST_TARGET_NAME = TestPractice;
			};
			name = Debug;
		};
		BAA1ECE228A5376100A32AA7 /* Release */ = {
			isa = XCBuildConfiguration;
			buildSettings = {
				ALWAYS_EMBED_SWIFT_STANDARD_LIBRARIES = YES;
				CODE_SIGN_STYLE = Automatic;
				CURRENT_PROJECT_VERSION = 1;
				DEVELOPMENT_TEAM = 679U29FZ6S;
				GENERATE_INFOPLIST_FILE = YES;
				MARKETING_VERSION = 1.0;
				PRODUCT_BUNDLE_IDENTIFIER = com.saenuruki.TestPracticeUITests;
				PRODUCT_NAME = "$(TARGET_NAME)";
				SWIFT_EMIT_LOC_STRINGS = NO;
				SWIFT_VERSION = 5.0;
				TARGETED_DEVICE_FAMILY = "1,2";
				TEST_TARGET_NAME = TestPractice;
			};
			name = Release;
		};
/* End XCBuildConfiguration section */

/* Begin XCConfigurationList section */
		BAA1ECAB28A5375D00A32AA7 /* Build configuration list for PBXProject "TestPractice" */ = {
			isa = XCConfigurationList;
			buildConfigurations = (
				BAA1ECD828A5376100A32AA7 /* Debug */,
				BAA1ECD928A5376100A32AA7 /* Release */,
			);
			defaultConfigurationIsVisible = 0;
			defaultConfigurationName = Release;
		};
		BAA1ECDA28A5376100A32AA7 /* Build configuration list for PBXNativeTarget "TestPractice" */ = {
			isa = XCConfigurationList;
			buildConfigurations = (
				BAA1ECDB28A5376100A32AA7 /* Debug */,
				BAA1ECDC28A5376100A32AA7 /* Release */,
			);
			defaultConfigurationIsVisible = 0;
			defaultConfigurationName = Release;
		};
		BAA1ECDD28A5376100A32AA7 /* Build configuration list for PBXNativeTarget "TestPracticeTests" */ = {
			isa = XCConfigurationList;
			buildConfigurations = (
				BAA1ECDE28A5376100A32AA7 /* Debug */,
				BAA1ECDF28A5376100A32AA7 /* Release */,
			);
			defaultConfigurationIsVisible = 0;
			defaultConfigurationName = Release;
		};
		BAA1ECE028A5376100A32AA7 /* Build configuration list for PBXNativeTarget "TestPracticeUITests" */ = {
			isa = XCConfigurationList;
			buildConfigurations = (
				BAA1ECE128A5376100A32AA7 /* Debug */,
				BAA1ECE228A5376100A32AA7 /* Release */,
			);
			defaultConfigurationIsVisible = 0;
			defaultConfigurationName = Release;
		};
/* End XCConfigurationList section */
	};
	rootObject = BAA1ECA828A5375D00A32AA7 /* Project object */;
}
